
Microsoft Visual Studio Solution File, Format Version 12.00
# Visual Studio 15
VisualStudioVersion = 15.0.27428.2005
MinimumVisualStudioVersion = 10.0.40219.1
Project("{FAE04EC0-301F-11D3-BF4B-00C04F79EFBC}") = "ObjectComposition", "ObjectComposition\ObjectComposition.csproj", "{B4AD5988-05AC-46E9-BFA9-67263D5C0824}"
EndProject
Global
	GlobalSection(SolutionConfigurationPlatforms) = preSolution
		Debug|Any CPU = Debug|Any CPU
		Release|Any CPU = Release|Any CPU
	EndGlobalSection
	GlobalSection(ProjectConfigurationPlatforms) = postSolution
		{B4AD5988-05AC-46E9-BFA9-67263D5C0824}.Debug|Any CPU.ActiveCfg = Debug|Any CPU
		{B4AD5988-05AC-46E9-BFA9-67263D5C0824}.Debug|Any CPU.Build.0 = Debug|Any CPU
		{B4AD5988-05AC-46E9-BFA9-67263D5C0824}.Release|Any CPU.ActiveCfg = Release|Any CPU
		{B4AD5988-05AC-46E9-BFA9-67263D5C0824}.Release|Any CPU.Build.0 = Release|Any CPU
	EndGlobalSection
	GlobalSection(SolutionProperties) = preSolution
		HideSolutionNode = FALSE
	EndGlobalSection
	GlobalSection(ExtensibilityGlobals) = postSolution
		SolutionGuid = {8922A50A-1AD6-4C1E-8008-972BBFF4868C}
	EndGlobalSection
EndGlobal
